# This file was autogenerated by Stack.
# You should not edit this file by hand.
# For more information, please see the documentation at:
#   https://docs.haskellstack.org/en/stable/lock_files

packages:
- completed:
    size: 6969
    url: https://github.com/pdlla/linear-tests/archive/5f9fe85b15e60409d8e833eb54605286f14c400b.tar.gz
    cabal-file:
      size: 1608
      sha256: b5676a432a65560f85555ef61c63bdefd8b1290ff09ad19014f97a1bb4a9e1c5
    name: linear-tests
    version: 0.1.1.0
    sha256: 15e73582200294e5d1b26a144303e551c7cc80ecde6ab04da08dd01c7d8cad01
    pantry-tree:
      size: 1117
      sha256: 8b515270839b39fabbe1d2e10317814c7fe0b24ea3063adcaed9a201187e992a
  original:
    url: https://github.com/pdlla/linear-tests/archive/5f9fe85b15e60409d8e833eb54605286f14c400b.tar.gz
snapshots:
- completed:
    size: 524799
    url: https://raw.githubusercontent.com/commercialhaskell/stackage-snapshots/master/lts/14/17.yaml
    sha256: 1d72b33c0fc048e23f4f18fd76a6ad79dd1d8a3c054644098a71a09855e40c7c
  original: lts-14.17
