# This file was autogenerated by Stack.
# You should not edit this file by hand.
# For more information, please see the documentation at:
#   https://docs.haskellstack.org/en/stable/lock_files

packages:
- completed:
    size: 7175
    url: https://github.com/pdlla/linear-tests/archive/2b9d1e946d0329be6f2f6da2559ee7790b84f200.tar.gz
    cabal-file:
      size: 1678
      sha256: 3178ff714bac0a405691ae5c211295046e88a7c5cfe96949846b4c78b0640251
    name: linear-tests
    version: 0.1.1.0
    sha256: ecd15ae9f61eba12e1ef2f03b251cda1157b1fd5742ef491369906defa4a9911
    pantry-tree:
      size: 1119
      sha256: cd6d5721c9cbce093994c927d8083c75f0b9b43785253b4676de8ba59750020a
  original:
    url: https://github.com/pdlla/linear-tests/archive/2b9d1e946d0329be6f2f6da2559ee7790b84f200.tar.gz
snapshots:
- completed:
    size: 524799
    url: https://raw.githubusercontent.com/commercialhaskell/stackage-snapshots/master/lts/14/17.yaml
    sha256: 1d72b33c0fc048e23f4f18fd76a6ad79dd1d8a3c054644098a71a09855e40c7c
  original: lts-14.17
